# THIS IS AN AUTOGENERATED FILE. DO NOT EDIT THIS FILE DIRECTLY.
# yarn lockfile v1


accepts@^1.2.2:
  version "1.3.3"
  resolved "http://registry.npm.taobao.org/accepts/download/accepts-1.3.3.tgz#c3ca7434938648c3e0d9c1e328dd68b622c284ca"
  dependencies:
    mime-types "~2.1.11"
    negotiator "0.6.1"

address@>=0.0.1:
  version "1.0.3"
  resolved "http://registry.npm.taobao.org/address/download/address-1.0.3.tgz#b5f50631f8d6cec8bd20c963963afb55e06cbce9"

agentkeepalive@3.3.0:
  version "3.3.0"
  resolved "http://registry.npm.taobao.org/agentkeepalive/download/agentkeepalive-3.3.0.tgz#6d5de5829afd3be2712201a39275fd11c651857c"
  dependencies:
    humanize-ms "^1.2.1"

any-promise@^1.0.0, any-promise@^1.1.0, any-promise@^1.3.0:
  version "1.3.0"
  resolved "http://registry.npm.taobao.org/any-promise/download/any-promise-1.3.0.tgz#abc6afeedcea52e809cdc0376aed3ce39635d17f"

base64url@2.0.0, base64url@^2.0.0:
  version "2.0.0"
  resolved "http://registry.npm.taobao.org/base64url/download/base64url-2.0.0.tgz#eac16e03ea1438eff9423d69baa36262ed1f70bb"

bluebird@3.5.1:
  version "3.5.1"
  resolved "https://registry.yarnpkg.com/bluebird/-/bluebird-3.5.1.tgz#d9551f9de98f1fcda1e683d17ee91a0602ee2eb9"

bluebird@^3.5.0:
  version "3.5.0"
  resolved "http://registry.npm.taobao.org/bluebird/download/bluebird-3.5.0.tgz#791420d7f551eea2897453a8a77653f96606d67c"

bson@^1.1.1, bson@~1.1.1:
  version "1.1.1"
  resolved "https://registry.yarnpkg.com/bson/-/bson-1.1.1.tgz#4330f5e99104c4e751e7351859e2d408279f2f13"

buffer-equal-constant-time@1.0.1:
  version "1.0.1"
  resolved "http://registry.npm.taobao.org/buffer-equal-constant-time/download/buffer-equal-constant-time-1.0.1.tgz#f8e71132f7ffe6e01a5c9697a4c6f3e48d5cc819"

bytes@2.4.0:
  version "2.4.0"
  resolved "http://registry.npm.taobao.org/bytes/download/bytes-2.4.0.tgz#7d97196f9d5baf7f6935e25985549edd2a6c2339"

co-body@^5.1.0:
  version "5.1.1"
  resolved "http://registry.npm.taobao.org/co-body/download/co-body-5.1.1.tgz#d97781d1e3344ba4a820fd1806bddf8341505236"
  dependencies:
    inflation "^2.0.0"
    qs "^6.4.0"
    raw-body "^2.2.0"
    type-is "^1.6.14"

co@^4.6.0:
  version "4.6.0"
  resolved "http://registry.npm.taobao.org/co/download/co-4.6.0.tgz#6ea6bdf3d853ae54ccb8e47bfa0bf3f9031fb184"

content-disposition@~0.5.0:
  version "0.5.2"
  resolved "http://registry.npm.taobao.org/content-disposition/download/content-disposition-0.5.2.tgz#0cf68bb9ddf5f2be7961c3a85178cb85dba78cb4"

content-type@^1.0.0:
  version "1.0.2"
  resolved "http://registry.npm.taobao.org/content-type/download/content-type-1.0.2.tgz#b7d113aee7a8dd27bd21133c4dc2529df1721eed"

content-type@^1.0.2:
  version "1.0.4"
  resolved "http://registry.npm.taobao.org/content-type/download/content-type-1.0.4.tgz#e138cc75e040c727b1966fe5e5f8c9aee256fe3b"

cookies@~0.7.0:
  version "0.7.0"
  resolved "http://registry.npm.taobao.org/cookies/download/cookies-0.7.0.tgz#0bc961d910c35254980fc7c9eff5da12011bbf00"
  dependencies:
    depd "~1.1.0"
    keygrip "~1.0.1"

copy-to@^2.0.1:
  version "2.0.1"
  resolved "http://registry.npm.taobao.org/copy-to/download/copy-to-2.0.1.tgz#2680fbb8068a48d08656b6098092bdafc906f4a5"

core-util-is@~1.0.0:
  version "1.0.2"
  resolved "http://registry.npm.taobao.org/core-util-is/download/core-util-is-1.0.2.tgz#b5fd54220aa2bc5ab57aab7140c940754503c1a7"

crc32@0.2.2:
  version "0.2.2"
  resolved "http://registry.npm.taobao.org/crc32/download/crc32-0.2.2.tgz#7ad220d6ffdcd119f9fc127a7772cacea390a4ba"

cross-env@^5.1.3:
  version "5.2.1"
  resolved "https://registry.yarnpkg.com/cross-env/-/cross-env-5.2.1.tgz#b2c76c1ca7add66dc874d11798466094f551b34d"
  dependencies:
    cross-spawn "^6.0.5"

cross-spawn@^6.0.5:
  version "6.0.5"
  resolved "https://registry.yarnpkg.com/cross-spawn/-/cross-spawn-6.0.5.tgz#4a5ec7c64dfae22c3a14124dbacdee846d80cbc4"
  dependencies:
    nice-try "^1.0.4"
    path-key "^2.0.1"
    semver "^5.5.0"
    shebang-command "^1.2.0"
    which "^1.2.9"

date-format@^0.0.0:
  version "0.0.0"
  resolved "http://registry.npm.taobao.org/date-format/download/date-format-0.0.0.tgz#09206863ab070eb459acea5542cbd856b11966b3"

debug@*, debug@^2.2.0:
  version "2.6.6"
  resolved "http://registry.npm.taobao.org/debug/download/debug-2.6.6.tgz#a9fa6fbe9ca43cf1e79f73b75c0189cbb7d6db5a"
  dependencies:
    ms "0.7.3"

debug@3.1.0:
  version "3.1.0"
  resolved "https://registry.yarnpkg.com/debug/-/debug-3.1.0.tgz#5bb5a0672628b64149566ba16819e61518c67261"
  dependencies:
    ms "2.0.0"

debug@^0.7.2:
  version "0.7.4"
  resolved "http://registry.npm.taobao.org/debug/download/debug-0.7.4.tgz#06e1ea8082c2cb14e39806e22e2f6f757f92af39"

debug@^2.6.0:
  version "2.6.9"
  resolved "http://registry.npm.taobao.org/debug/download/debug-2.6.9.tgz#5d128515df134ff327e90a4c93f4e077a536341f"
  dependencies:
    ms "2.0.0"

deep-equal@~1.0.1:
  version "1.0.1"
  resolved "http://registry.npm.taobao.org/deep-equal/download/deep-equal-1.0.1.tgz#f5d260292b660e084eff4cdbc9f08ad3247448b5"

default-user-agent@^1.0.0:
  version "1.0.0"
  resolved "http://registry.npm.taobao.org/default-user-agent/download/default-user-agent-1.0.0.tgz#16c46efdcaba3edc45f24f2bd4868b01b7c2adc6"
  dependencies:
    os-name "~1.0.3"

delegates@^1.0.0:
  version "1.0.0"
  resolved "http://registry.npm.taobao.org/delegates/download/delegates-1.0.0.tgz#84c6e159b81904fdca59a0ef44cd870d31250f9a"

depd@1.1.0, depd@^1.1.0, depd@~1.1.0:
  version "1.1.0"
  resolved "http://registry.npm.taobao.org/depd/download/depd-1.1.0.tgz#e1bd82c6aab6ced965b97b88b17ed3e528ca18c3"

destroy@^1.0.3, destroy@^1.0.4:
  version "1.0.4"
  resolved "http://registry.npm.taobao.org/destroy/download/destroy-1.0.4.tgz#978857442c44749e4206613e37946205826abd80"

digest-header@^0.0.1:
  version "0.0.1"
  resolved "http://registry.npm.taobao.org/digest-header/download/digest-header-0.0.1.tgz#11ccf6deec5766ac379744d901c12cba49514be6"
  dependencies:
    utility "0.1.11"

double-ended-queue@^2.1.0-0:
  version "2.1.0-0"
  resolved "http://registry.npm.taobao.org/double-ended-queue/download/double-ended-queue-2.1.0-0.tgz#103d3527fd31528f40188130c841efdd78264e5c"

ecdsa-sig-formatter@1.0.9:
  version "1.0.9"
  resolved "http://registry.npm.taobao.org/ecdsa-sig-formatter/download/ecdsa-sig-formatter-1.0.9.tgz#4bc926274ec3b5abb5016e7e1d60921ac262b2a1"
  dependencies:
    base64url "^2.0.0"
    safe-buffer "^5.0.1"

ee-first@1.1.1, ee-first@~1.1.1:
  version "1.1.1"
  resolved "http://registry.npm.taobao.org/ee-first/download/ee-first-1.1.1.tgz#590c61156b0ae2f4f0255732a158b266bc56b21d"

error-inject@~1.0.0:
  version "1.0.0"
  resolved "http://registry.npm.taobao.org/error-inject/download/error-inject-1.0.0.tgz#e2b3d91b54aed672f309d950d154850fa11d4f37"

escape-html@~1.0.1:
  version "1.0.3"
  resolved "http://registry.npm.taobao.org/escape-html/download/escape-html-1.0.3.tgz#0258eae4d3d0c0974de1c169188ef0051d1d1988"

formstream@1.1.0:
  version "1.1.0"
  resolved "http://registry.npm.taobao.org/formstream/download/formstream-1.1.0.tgz#51f3970f26136eb0ad44304de4cebb50207b4479"
  dependencies:
    destroy "^1.0.4"
    mime "^1.3.4"
    pause-stream "~0.0.11"

fresh@^0.5.0:
  version "0.5.2"
  resolved "https://registry.yarnpkg.com/fresh/-/fresh-0.5.2.tgz#3d8cadd90d976569fa835ab1f8e4b23a105605a7"

hoek@2.x.x:
  version "2.16.3"
  resolved "http://registry.npm.taobao.org/hoek/download/hoek-2.16.3.tgz#20bb7403d3cea398e91dc4710a8ff1b8274a25ed"

http-assert@^1.1.0:
  version "1.3.0"
  resolved "http://registry.npm.taobao.org/http-assert/download/http-assert-1.3.0.tgz#a31a5cf88c873ecbb5796907d4d6f132e8c01e4a"
  dependencies:
    deep-equal "~1.0.1"
    http-errors "~1.6.1"

http-errors@^1.2.8, http-errors@^1.3.1, http-errors@~1.6.1:
  version "1.6.1"
  resolved "http://registry.npm.taobao.org/http-errors/download/http-errors-1.6.1.tgz#5f8b8ed98aca545656bf572997387f904a722257"
  dependencies:
    depd "1.1.0"
    inherits "2.0.3"
    setprototypeof "1.0.3"
    statuses ">= 1.3.1 < 2"

humanize-ms@^1.2.0, humanize-ms@^1.2.1:
  version "1.2.1"
  resolved "http://registry.npm.taobao.org/humanize-ms/download/humanize-ms-1.2.1.tgz#c46e3159a293f6b896da29316d8b6fe8bb79bbed"
  dependencies:
    ms "^2.0.0"

iconv-lite@0.4.15:
  version "0.4.15"
  resolved "http://registry.npm.taobao.org/iconv-lite/download/iconv-lite-0.4.15.tgz#fe265a218ac6a57cfe854927e9d04c19825eddeb"

iconv-lite@^0.4.15, iconv-lite@~0.4.11:
  version "0.4.19"
  resolved "http://registry.npm.taobao.org/iconv-lite/download/iconv-lite-0.4.19.tgz#f7468f60135f5e5dad3399c0a81be9a1603a082b"

inflation@^2.0.0:
  version "2.0.0"
  resolved "http://registry.npm.taobao.org/inflation/download/inflation-2.0.0.tgz#8b417e47c28f925a45133d914ca1fd389107f30f"

inherits@2.0.3, inherits@~2.0.1:
  version "2.0.3"
  resolved "http://registry.npm.taobao.org/inherits/download/inherits-2.0.3.tgz#633c2c83e3da42a502f52466022480f4208261de"

is-generator-function@^1.0.3:
  version "1.0.6"
  resolved "http://registry.npm.taobao.org/is-generator-function/download/is-generator-function-1.0.6.tgz#9e71653cd15fff341c79c4151460a131d31e9fc4"

isarray@0.0.1:
  version "0.0.1"
  resolved "http://registry.npm.taobao.org/isarray/download/isarray-0.0.1.tgz#8a18acfca9a8f4177e09abfc6038939b05d1eedf"

isemail@1.x.x:
  version "1.2.0"
  resolved "http://registry.npm.taobao.org/isemail/download/isemail-1.2.0.tgz#be03df8cc3e29de4d2c5df6501263f1fa4595e9a"

isexe@^2.0.0:
  version "2.0.0"
  resolved "https://registry.yarnpkg.com/isexe/-/isexe-2.0.0.tgz#e8fbf374dc556ff8947a10dcb0572d633f2cfa10"

joi@^6.10.1:
  version "6.10.1"
  resolved "http://registry.npm.taobao.org/joi/download/joi-6.10.1.tgz#4d50c318079122000fe5f16af1ff8e1917b77e06"
  dependencies:
    hoek "2.x.x"
    isemail "1.x.x"
    moment "2.x.x"
    topo "1.x.x"

jsonwebtoken@^7.4.2:
  version "7.4.2"
  resolved "http://registry.npm.taobao.org/jsonwebtoken/download/jsonwebtoken-7.4.2.tgz#571b903c07e875c0fc59203d1ac78667d80e09cd"
  dependencies:
    joi "^6.10.1"
    jws "^3.1.4"
    lodash.once "^4.0.0"
    ms "^2.0.0"
    xtend "^4.0.1"

jwa@^1.1.4:
  version "1.1.5"
  resolved "http://registry.npm.taobao.org/jwa/download/jwa-1.1.5.tgz#a0552ce0220742cd52e153774a32905c30e756e5"
  dependencies:
    base64url "2.0.0"
    buffer-equal-constant-time "1.0.1"
    ecdsa-sig-formatter "1.0.9"
    safe-buffer "^5.0.1"

jws@^3.1.4:
  version "3.1.4"
  resolved "http://registry.npm.taobao.org/jws/download/jws-3.1.4.tgz#f9e8b9338e8a847277d6444b1464f61880e050a2"
  dependencies:
    base64url "^2.0.0"
    jwa "^1.1.4"
    safe-buffer "^5.0.1"

kareem@2.3.1:
  version "2.3.1"
  resolved "https://registry.yarnpkg.com/kareem/-/kareem-2.3.1.tgz#def12d9c941017fabfb00f873af95e9c99e1be87"

keygrip@~1.0.1:
  version "1.0.1"
  resolved "http://registry.npm.taobao.org/keygrip/download/keygrip-1.0.1.tgz#b02fa4816eef21a8c4b35ca9e52921ffc89a30e9"

koa-bodyparser@^4.2.0:
  version "4.2.0"
  resolved "http://registry.npm.taobao.org/koa-bodyparser/download/koa-bodyparser-4.2.0.tgz#bce6e08bc65f8709b6d1faa9411c7f0d8938aa54"
  dependencies:
    co-body "^5.1.0"
    copy-to "^2.0.1"

koa-compose@^3.0.0:
  version "3.2.1"
  resolved "http://registry.npm.taobao.org/koa-compose/download/koa-compose-3.2.1.tgz#a85ccb40b7d986d8e5a345b3a1ace8eabcf54de7"
  dependencies:
    any-promise "^1.1.0"

koa-convert@^1.2.0:
  version "1.2.0"
  resolved "http://registry.npm.taobao.org/koa-convert/download/koa-convert-1.2.0.tgz#da40875df49de0539098d1700b50820cebcd21d0"
  dependencies:
    co "^4.6.0"
    koa-compose "^3.0.0"

koa-is-json@^1.0.0:
  version "1.0.0"
  resolved "http://registry.npm.taobao.org/koa-is-json/download/koa-is-json-1.0.0.tgz#273c07edcdcb8df6a2c1ab7d59ee76491451ec14"

koa-ratelimit@^4.0.0:
  version "4.0.0"
  resolved "http://registry.npm.taobao.org/koa-ratelimit/download/koa-ratelimit-4.0.0.tgz#c126e6f6ae38aaa2fa12c62f4af7759157592f3c"
  dependencies:
    debug "^2.2.0"
    ms "^0.7.1"
    ratelimiter "^3.0.2"
    thenify "^3.2.0"

koa-router@^7.1.1:
  version "7.1.1"
  resolved "http://registry.npm.taobao.org/koa-router/download/koa-router-7.1.1.tgz#38cce6b1381fada18cfa47a3b3323e995ca231cf"
  dependencies:
    debug "^2.2.0"
    http-errors "^1.3.1"
    koa-compose "^3.0.0"
    methods "^1.0.1"
    path-to-regexp "^1.1.1"

koa@^2.2.0:
  version "2.2.0"
  resolved "http://registry.npm.taobao.org/koa/download/koa-2.2.0.tgz#b055933187849d540ad8b9f731baaa4be97c652d"
  dependencies:
    accepts "^1.2.2"
    content-disposition "~0.5.0"
    content-type "^1.0.0"
    cookies "~0.7.0"
    debug "*"
    delegates "^1.0.0"
    depd "^1.1.0"
    destroy "^1.0.3"
    error-inject "~1.0.0"
    escape-html "~1.0.1"
    fresh "^0.5.0"
    http-assert "^1.1.0"
    http-errors "^1.2.8"
    is-generator-function "^1.0.3"
    koa-compose "^3.0.0"
    koa-convert "^1.2.0"
    koa-is-json "^1.0.0"
    mime-types "^2.0.7"
    on-finished "^2.1.0"
    only "0.0.2"
    parseurl "^1.3.0"
    statuses "^1.2.0"
    type-is "^1.5.5"
    vary "^1.0.0"

lodash.once@^4.0.0:
  version "4.1.1"
  resolved "http://registry.npm.taobao.org/lodash.once/download/lodash.once-4.1.1.tgz#0dd3971213c7c56df880977d504c88fb471a97ac"

log4js@^1.1.1:
  version "1.1.1"
  resolved "http://registry.npm.taobao.org/log4js/download/log4js-1.1.1.tgz#c21d29c7604089e4f255833e7f94b3461de1ff43"
  dependencies:
    debug "^2.2.0"
    semver "^5.3.0"
    streamroller "^0.4.0"

media-typer@0.3.0:
  version "0.3.0"
  resolved "http://registry.npm.taobao.org/media-typer/download/media-typer-0.3.0.tgz#8710d7af0aa626f8fffa1ce00168545263255748"

methods@^1.0.1:
  version "1.1.2"
  resolved "http://registry.npm.taobao.org/methods/download/methods-1.1.2.tgz#5529a4d67654134edcc5266656835b0f851afcee"

mime-db@~1.27.0:
  version "1.27.0"
  resolved "http://registry.npm.taobao.org/mime-db/download/mime-db-1.27.0.tgz#820f572296bbd20ec25ed55e5b5de869e5436eb1"

mime-types@^2.0.7, mime-types@~2.1.11, mime-types@~2.1.15:
  version "2.1.15"
  resolved "http://registry.npm.taobao.org/mime-types/download/mime-types-2.1.15.tgz#a4ebf5064094569237b8cf70046776d09fc92aed"
  dependencies:
    mime-db "~1.27.0"

mime@1.3.6:
  version "1.3.6"
  resolved "http://registry.npm.taobao.org/mime/download/mime-1.3.6.tgz#591d84d3653a6b0b4a3b9df8de5aa8108e72e5e0"

mime@^1.3.4:
  version "1.4.1"
  resolved "http://registry.npm.taobao.org/mime/download/mime-1.4.1.tgz#121f9ebc49e3766f311a76e1fa1c8003c4b03aa6"

minimist@0.0.8:
  version "0.0.8"
  resolved "http://registry.npm.taobao.org/minimist/download/minimist-0.0.8.tgz#857fcabfc3397d2625b8228262e86aa7a011b05d"

minimist@^1.1.0:
  version "1.2.0"
  resolved "http://registry.npm.taobao.org/minimist/download/minimist-1.2.0.tgz#a35008b20f41383eec1fb914f4cd5df79a264284"

mkdirp@^0.5.1:
  version "0.5.1"
  resolved "http://registry.npm.taobao.org/mkdirp/download/mkdirp-0.5.1.tgz#30057438eac6cf7f8c4767f38648d6697d75c903"
  dependencies:
    minimist "0.0.8"

moment@2.x.x:
  version "2.24.0"
  resolved "https://registry.yarnpkg.com/moment/-/moment-2.24.0.tgz#0d055d53f5052aa653c9f6eb68bb5d12bf5c2b5b"

mongodb@3.3.2:
  version "3.3.2"
  resolved "https://registry.yarnpkg.com/mongodb/-/mongodb-3.3.2.tgz#ff086b5f552cf07e24ce098694210f3d42d668b2"
  dependencies:
    bson "^1.1.1"
    require_optional "^1.0.1"
    safe-buffer "^5.1.2"

mongoose-legacy-pluralize@1.0.2:
  version "1.0.2"
  resolved "https://registry.yarnpkg.com/mongoose-legacy-pluralize/-/mongoose-legacy-pluralize-1.0.2.tgz#3ba9f91fa507b5186d399fb40854bff18fb563e4"

mongoose@^5.7.5:
  version "5.7.5"
  resolved "https://registry.yarnpkg.com/mongoose/-/mongoose-5.7.5.tgz#b787b47216edf62036aa358c3ef0f1869c46cdc2"
  dependencies:
    bson "~1.1.1"
    kareem "2.3.1"
    mongodb "3.3.2"
    mongoose-legacy-pluralize "1.0.2"
    mpath "0.6.0"
    mquery "3.2.2"
    ms "2.1.2"
    regexp-clone "1.0.0"
    safe-buffer "5.1.2"
    sift "7.0.1"
    sliced "1.0.1"

mpath@0.6.0:
  version "0.6.0"
  resolved "https://registry.yarnpkg.com/mpath/-/mpath-0.6.0.tgz#aa922029fca4f0f641f360e74c5c1b6a4c47078e"

mquery@3.2.2:
  version "3.2.2"
  resolved "https://registry.yarnpkg.com/mquery/-/mquery-3.2.2.tgz#e1383a3951852ce23e37f619a9b350f1fb3664e7"
  dependencies:
    bluebird "3.5.1"
    debug "3.1.0"
    regexp-clone "^1.0.0"
    safe-buffer "5.1.2"
    sliced "1.0.1"

ms@0.7.3, ms@^0.7.1:
  version "0.7.3"
  resolved "http://registry.npm.taobao.org/ms/download/ms-0.7.3.tgz#708155a5e44e33f5fd0fc53e81d0d40a91be1fff"

ms@2.0.0:
  version "2.0.0"
  resolved "http://registry.npm.taobao.org/ms/download/ms-2.0.0.tgz#5608aeadfc00be6c2901df5f9861788de0d597c8"

ms@2.1.2, ms@^2.0.0:
  version "2.1.2"
  resolved "https://registry.yarnpkg.com/ms/-/ms-2.1.2.tgz#d09d1f357b443f493382a8eb3ccd183872ae6009"

negotiator@0.6.1:
  version "0.6.1"
  resolved "http://registry.npm.taobao.org/negotiator/download/negotiator-0.6.1.tgz#2b327184e8992101177b28563fb5e7102acd0ca9"

nice-try@^1.0.4:
  version "1.0.5"
  resolved "https://registry.yarnpkg.com/nice-try/-/nice-try-1.0.5.tgz#a3378a7696ce7d223e88fc9b764bd7ef1089e366"

on-finished@^2.1.0:
  version "2.3.0"
  resolved "http://registry.npm.taobao.org/on-finished/download/on-finished-2.3.0.tgz#20f1336481b083cd75337992a16971aa2d906947"
  dependencies:
    ee-first "1.1.1"

only@0.0.2:
  version "0.0.2"
  resolved "http://registry.npm.taobao.org/only/download/only-0.0.2.tgz#2afde84d03e50b9a8edc444e30610a70295edfb4"

os-name@~1.0.3:
  version "1.0.3"
  resolved "http://registry.npm.taobao.org/os-name/download/os-name-1.0.3.tgz#1b379f64835af7c5a7f498b357cb95215c159edf"
  dependencies:
    osx-release "^1.0.0"
    win-release "^1.0.0"

osx-release@^1.0.0:
  version "1.1.0"
  resolved "http://registry.npm.taobao.org/osx-release/download/osx-release-1.1.0.tgz#f217911a28136949af1bf9308b241e2737d3cd6c"
  dependencies:
    minimist "^1.1.0"

parseurl@^1.3.0:
  version "1.3.1"
  resolved "http://registry.npm.taobao.org/parseurl/download/parseurl-1.3.1.tgz#c8ab8c9223ba34888aa64a297b28853bec18da56"

path-key@^2.0.1:
  version "2.0.1"
  resolved "https://registry.yarnpkg.com/path-key/-/path-key-2.0.1.tgz#411cadb574c5a140d3a4b1910d40d80cc9f40b40"

path-to-regexp@^1.1.1:
  version "1.7.0"
  resolved "http://registry.npm.taobao.org/path-to-regexp/download/path-to-regexp-1.7.0.tgz#59fde0f435badacba103a84e9d3bc64e96b9937d"
  dependencies:
    isarray "0.0.1"

pause-stream@~0.0.11:
  version "0.0.11"
  resolved "http://registry.npm.taobao.org/pause-stream/download/pause-stream-0.0.11.tgz#fe5a34b0cbce12b5aa6a2b403ee2e73b602f1445"
  dependencies:
    through "~2.3"

qiniu@^7.0.9:
  version "7.0.9"
  resolved "http://registry.npm.taobao.org/qiniu/download/qiniu-7.0.9.tgz#6ebf15345403ec82d2a31e3ddac34881eab55708"
  dependencies:
    agentkeepalive "3.3.0"
    crc32 "0.2.2"
    formstream "1.1.0"
    mime "1.3.6"
    tunnel-agent "0.6.0"
    urlencode "1.1.0"
    urllib "2.22.0"

qs@^6.4.0:
  version "6.4.0"
  resolved "http://registry.npm.taobao.org/qs/download/qs-6.4.0.tgz#13e26d28ad6b0ffaa91312cd3bf708ed351e7233"

ratelimiter@^3.0.2:
  version "3.0.3"
  resolved "http://registry.npm.taobao.org/ratelimiter/download/ratelimiter-3.0.3.tgz#6dbca58b05422f2a08e224d4ba3a0cfb86c30966"

raw-body@^2.2.0:
  version "2.2.0"
  resolved "http://registry.npm.taobao.org/raw-body/download/raw-body-2.2.0.tgz#994976cf6a5096a41162840492f0bdc5d6e7fb96"
  dependencies:
    bytes "2.4.0"
    iconv-lite "0.4.15"
    unpipe "1.0.0"

readable-stream@^1.1.7:
  version "1.1.14"
  resolved "http://registry.npm.taobao.org/readable-stream/download/readable-stream-1.1.14.tgz#7cf4c54ef648e3813084c636dd2079e166c081d9"
  dependencies:
    core-util-is "~1.0.0"
    inherits "~2.0.1"
    isarray "0.0.1"
    string_decoder "~0.10.x"

redis-commands@^1.2.0:
  version "1.3.1"
  resolved "http://registry.npm.taobao.org/redis-commands/download/redis-commands-1.3.1.tgz#81d826f45fa9c8b2011f4cd7a0fe597d241d442b"

redis-parser@^2.6.0:
  version "2.6.0"
  resolved "http://registry.npm.taobao.org/redis-parser/download/redis-parser-2.6.0.tgz#52ed09dacac108f1a631c07e9b69941e7a19504b"

redis@^2.8.0:
  version "2.8.0"
  resolved "http://registry.npm.taobao.org/redis/download/redis-2.8.0.tgz#202288e3f58c49f6079d97af7a10e1303ae14b02"
  dependencies:
    double-ended-queue "^2.1.0-0"
    redis-commands "^1.2.0"
    redis-parser "^2.6.0"

regexp-clone@1.0.0, regexp-clone@^1.0.0:
  version "1.0.0"
  resolved "https://registry.yarnpkg.com/regexp-clone/-/regexp-clone-1.0.0.tgz#222db967623277056260b992626354a04ce9bf63"

require_optional@^1.0.1:
  version "1.0.1"
  resolved "https://registry.yarnpkg.com/require_optional/-/require_optional-1.0.1.tgz#4cf35a4247f64ca3df8c2ef208cc494b1ca8fc2e"
  dependencies:
    resolve-from "^2.0.0"
    semver "^5.1.0"

resolve-from@^2.0.0:
  version "2.0.0"
  resolved "http://registry.npm.taobao.org/resolve-from/download/resolve-from-2.0.0.tgz#9480ab20e94ffa1d9e80a804c7ea147611966b57"

restc@^0.2.2:
  version "0.2.2"
  resolved "http://registry.npm.taobao.org/restc/download/restc-0.2.2.tgz#cbd3f65fa0bf4347b19e863165053a49a98c3429"

safe-buffer@5.1.2:
  version "5.1.2"
  resolved "https://registry.yarnpkg.com/safe-buffer/-/safe-buffer-5.1.2.tgz#991ec69d296e0313747d59bdfd2b745c35f8828d"

safe-buffer@^5.0.1, safe-buffer@^5.1.2:
  version "5.2.0"
  resolved "https://registry.yarnpkg.com/safe-buffer/-/safe-buffer-5.2.0.tgz#b74daec49b1148f88c64b68d49b1e815c1f2f519"

semver@^5.0.1:
  version "5.4.1"
  resolved "http://registry.npm.taobao.org/semver/download/semver-5.4.1.tgz#e059c09d8571f0540823733433505d3a2f00b18e"

semver@^5.1.0, semver@^5.3.0:
  version "5.3.0"
  resolved "http://registry.npm.taobao.org/semver/download/semver-5.3.0.tgz#9b2ce5d3de02d17c6012ad326aa6b4d0cf54f94f"

semver@^5.5.0:
  version "5.7.1"
  resolved "https://registry.yarnpkg.com/semver/-/semver-5.7.1.tgz#a954f931aeba508d307bbf069eff0c01c96116f7"

setprototypeof@1.0.3:
  version "1.0.3"
  resolved "http://registry.npm.taobao.org/setprototypeof/download/setprototypeof-1.0.3.tgz#66567e37043eeb4f04d91bd658c0cbefb55b8e04"

shebang-command@^1.2.0:
  version "1.2.0"
  resolved "https://registry.yarnpkg.com/shebang-command/-/shebang-command-1.2.0.tgz#44aac65b695b03398968c39f363fee5deafdf1ea"
  dependencies:
    shebang-regex "^1.0.0"

shebang-regex@^1.0.0:
  version "1.0.0"
  resolved "https://registry.yarnpkg.com/shebang-regex/-/shebang-regex-1.0.0.tgz#da42f49740c0b42db2ca9728571cb190c98efea3"

sift@7.0.1:
  version "7.0.1"
  resolved "https://registry.yarnpkg.com/sift/-/sift-7.0.1.tgz#47d62c50b159d316f1372f8b53f9c10cd21a4b08"

sliced@1.0.1:
  version "1.0.1"
  resolved "http://registry.npm.taobao.org/sliced/download/sliced-1.0.1.tgz#0b3a662b5d04c3177b1926bea82b03f837a2ef41"

"statuses@>= 1.3.1 < 2", statuses@^1.2.0, statuses@^1.3.1:
  version "1.3.1"
  resolved "http://registry.npm.taobao.org/statuses/download/statuses-1.3.1.tgz#faf51b9eb74aaef3b3acf4ad5f61abf24cb7b93e"

streamroller@^0.4.0:
  version "0.4.0"
  resolved "http://registry.npm.taobao.org/streamroller/download/streamroller-0.4.0.tgz#a273f1f91994549a2ddd112ccaa2d1dd23cb758c"
  dependencies:
    date-format "^0.0.0"
    debug "^0.7.2"
    mkdirp "^0.5.1"
    readable-stream "^1.1.7"

string_decoder@~0.10.x:
  version "0.10.31"
  resolved "http://registry.npm.taobao.org/string_decoder/download/string_decoder-0.10.31.tgz#62e203bc41766c6c28c9fc84301dab1c5310fa94"

thenify@^3.2.0:
  version "3.3.0"
  resolved "http://registry.npm.taobao.org/thenify/download/thenify-3.3.0.tgz#e69e38a1babe969b0108207978b9f62b88604839"
  dependencies:
    any-promise "^1.0.0"

through@~2.3:
  version "2.3.8"
  resolved "http://registry.npm.taobao.org/through/download/through-2.3.8.tgz#0dd4c9ffaabc357960b1b724115d7e0e86a2e1f5"

topo@1.x.x:
  version "1.1.0"
  resolved "http://registry.npm.taobao.org/topo/download/topo-1.1.0.tgz#e9d751615d1bb87dc865db182fa1ca0a5ef536d5"
  dependencies:
    hoek "2.x.x"

tunnel-agent@0.6.0:
  version "0.6.0"
  resolved "http://registry.npm.taobao.org/tunnel-agent/download/tunnel-agent-0.6.0.tgz#27a5dea06b36b04a0a9966774b290868f0fc40fd"
  dependencies:
    safe-buffer "^5.0.1"

type-is@^1.5.5, type-is@^1.6.14:
  version "1.6.15"
  resolved "http://registry.npm.taobao.org/type-is/download/type-is-1.6.15.tgz#cab10fb4909e441c82842eafe1ad646c81804410"
  dependencies:
    media-typer "0.3.0"
    mime-types "~2.1.15"

unpipe@1.0.0:
  version "1.0.0"
  resolved "http://registry.npm.taobao.org/unpipe/download/unpipe-1.0.0.tgz#b2bf4ee8514aae6165b4817829d21b2ef49904ec"

urlencode@1.1.0:
  version "1.1.0"
  resolved "http://registry.npm.taobao.org/urlencode/download/urlencode-1.1.0.tgz#1f2ba26f013c85f0133f7a3ad6ff2730adf7cbb7"
  dependencies:
    iconv-lite "~0.4.11"

urllib@2.22.0:
  version "2.22.0"
  resolved "http://registry.npm.taobao.org/urllib/download/urllib-2.22.0.tgz#2965dc4ae127a6fb695b7db27d3184f17d82cb42"
  dependencies:
    any-promise "^1.3.0"
    content-type "^1.0.2"
    debug "^2.6.0"
    default-user-agent "^1.0.0"
    digest-header "^0.0.1"
    ee-first "~1.1.1"
    humanize-ms "^1.2.0"
    iconv-lite "^0.4.15"
    qs "^6.4.0"
    statuses "^1.3.1"

utility@0.1.11:
  version "0.1.11"
  resolved "http://registry.npm.taobao.org/utility/download/utility-0.1.11.tgz#fde60cf9b4e4751947a0cf5d104ce29367226715"
  dependencies:
    address ">=0.0.1"

vary@^1.0.0:
  version "1.1.1"
  resolved "http://registry.npm.taobao.org/vary/download/vary-1.1.1.tgz#67535ebb694c1d52257457984665323f587e8d37"

which@^1.2.9:
  version "1.3.1"
  resolved "https://registry.yarnpkg.com/which/-/which-1.3.1.tgz#a45043d54f5805316da8d62f9f50918d3da70b0a"
  dependencies:
    isexe "^2.0.0"

win-release@^1.0.0:
  version "1.1.1"
  resolved "http://registry.npm.taobao.org/win-release/download/win-release-1.1.1.tgz#5fa55e02be7ca934edfc12665632e849b72e5209"
  dependencies:
    semver "^5.0.1"

xtend@^4.0.1:
  version "4.0.1"
  resolved "http://registry.npm.taobao.org/xtend/download/xtend-4.0.1.tgz#a5c6d532be656e23db820efb943a1f04998d63af"
